{
  "name": "Next.website",
  "lockfileVersion": 3,
  "requires": true,
  "packages": {
    "": {
      "devDependencies": {
        "framer": "^2.4.1",
        "motion": "^10.17.0",
        "react-icon": "^1.0.0",
        "swiper": "^11.1.1"
      }
    },
    "node_modules/@emotion/is-prop-valid": {
      "version": "0.8.8",
      "resolved": "https://registry.npmjs.org/@emotion/is-prop-valid/-/is-prop-valid-0.8.8.tgz",
      "integrity": "sha512-u5WtneEAr5IDG2Wv65yhunPSMLIpuKsbuOktRojfrEiEvRyC85LgPMZI63cr7NUqT8ZIGdSVg8ZKGxIug4lXcA==",
      "dev": true,
      "optional": true,
      "peer": true,
      "dependencies": {
        "@emotion/memoize": "0.7.4"
      }
    },
    "node_modules/@emotion/memoize": {
      "version": "0.7.4",
      "resolved": "https://registry.npmjs.org/@emotion/memoize/-/memoize-0.7.4.tgz",
      "integrity": "sha512-Ja/Vfqe3HpuzRsG1oBtWTHk2PGZ7GR+2Vz5iYGelAw8dx32K0y7PjVuxK6z1nMpZOqAFsRUPCkK1YjJ56qJlgw==",
      "dev": true,
      "optional": true,
      "peer": true
    },
    "node_modules/@juggle/resize-observer": {
      "version": "3.4.0",
      "resolved": "https://registry.npmjs.org/@juggle/resize-observer/-/resize-observer-3.4.0.tgz",
      "integrity": "sha512-dfLbk+PwWvFzSxwk3n5ySL0hfBog779o8h68wK/7/APo/7cgyWp5jcXockbxdk5kFRkbeXWm4Fbi9FrdN381sA==",
      "dev": true
    },
    "node_modules/@motionone/animation": {
      "version": "10.17.0",
      "resolved": "https://registry.npmjs.org/@motionone/animation/-/animation-10.17.0.tgz",
      "integrity": "sha512-ANfIN9+iq1kGgsZxs+Nz96uiNcPLGTXwfNo2Xz/fcJXniPYpaz/Uyrfa+7I5BPLxCP82sh7quVDudf1GABqHbg==",
      "dev": true,
      "dependencies": {
        "@motionone/easing": "^10.17.0",
        "@motionone/types": "^10.17.0",
        "@motionone/utils": "^10.17.0",
        "tslib": "^2.3.1"
      }
    },
    "node_modules/@motionone/dom": {
      "version": "10.17.0",
      "resolved": "https://registry.npmjs.org/@motionone/dom/-/dom-10.17.0.tgz",
      "integrity": "sha512-cMm33swRlCX/qOPHWGbIlCl0K9Uwi6X5RiL8Ma6OrlJ/TP7Q+Np5GE4xcZkFptysFjMTi4zcZzpnNQGQ5D6M0Q==",
      "dev": true,
      "dependencies": {
        "@motionone/animation": "^10.17.0",
        "@motionone/generators": "^10.17.0",
        "@motionone/types": "^10.17.0",
        "@motionone/utils": "^10.17.0",
        "hey-listen": "^1.0.8",
        "tslib": "^2.3.1"
      }
    },
    "node_modules/@motionone/easing": {
      "version": "10.17.0",
      "resolved": "https://registry.npmjs.org/@motionone/easing/-/easing-10.17.0.tgz",
      "integrity": "sha512-Bxe2wSuLu/qxqW4rBFS5m9tMLOw+QBh8v5A7Z5k4Ul4sTj5jAOfZG5R0bn5ywmk+Fs92Ij1feZ5pmC4TeXA8Tg==",
      "dev": true,
      "dependencies": {
        "@motionone/utils": "^10.17.0",
        "tslib": "^2.3.1"
      }
    },
    "node_modules/@motionone/generators": {
      "version": "10.17.0",
      "resolved": "https://registry.npmjs.org/@motionone/generators/-/generators-10.17.0.tgz",
      "integrity": "sha512-T6Uo5bDHrZWhIfxG/2Aut7qyWQyJIWehk6OB4qNvr/jwA/SRmixwbd7SOrxZi1z5rH3LIeFFBKK1xHnSbGPZSQ==",
      "dev": true,
      "dependencies": {
        "@motionone/types": "^10.17.0",
        "@motionone/utils": "^10.17.0",
        "tslib": "^2.3.1"
      }
    },
    "node_modules/@motionone/types": {
      "version": "10.17.0",
      "resolved": "https://registry.npmjs.org/@motionone/types/-/types-10.17.0.tgz",
      "integrity": "sha512-EgeeqOZVdRUTEHq95Z3t8Rsirc7chN5xFAPMYFobx8TPubkEfRSm5xihmMUkbaR2ErKJTUw3347QDPTHIW12IA==",
      "dev": true
    },
    "node_modules/@motionone/utils": {
      "version": "10.17.0",
      "resolved": "https://registry.npmjs.org/@motionone/utils/-/utils-10.17.0.tgz",
      "integrity": "sha512-bGwrki4896apMWIj9yp5rAS2m0xyhxblg6gTB/leWDPt+pb410W8lYWsxyurX+DH+gO1zsQsfx2su/c1/LtTpg==",
      "dev": true,
      "dependencies": {
        "@motionone/types": "^10.17.0",
        "hey-listen": "^1.0.8",
        "tslib": "^2.3.1"
      }
    },
    "node_modules/babel-runtime": {
      "version": "5.8.38",
      "resolved": "https://registry.npmjs.org/babel-runtime/-/babel-runtime-5.8.38.tgz",
      "integrity": "sha512-KpgoA8VE/pMmNCrnEeeXqFG24TIH11Z3ZaimIhJWsin8EbfZy3WzFKUTIan10ZIDgRVvi9EkLbruJElJC9dRlg==",
      "dev": true,
      "peer": true,
      "dependencies": {
        "core-js": "^1.0.0"
      }
    },
    "node_modules/core-js": {
      "version": "1.2.7",
      "resolved": "https://registry.npmjs.org/core-js/-/core-js-1.2.7.tgz",
      "integrity": "sha512-ZiPp9pZlgxpWRu0M+YWbm6+aQ84XEfH1JRXvfOc/fILWI0VKhLC2LX13X1NYq4fULzLMq7Hfh43CSo2/aIaUPA==",
      "deprecated": "core-js@<3.23.3 is no longer maintained and not recommended for usage due to the number of issues. Because of the V8 engine whims, feature detection in old core-js versions could cause a slowdown up to 100x even if nothing is polyfilled. Some versions have web compatibility issues. Please, upgrade your dependencies to the actual version of core-js.",
      "dev": true,
      "peer": true
    },
    "node_modules/eventemitter3": {
      "version": "3.1.2",
      "resolved": "https://registry.npmjs.org/eventemitter3/-/eventemitter3-3.1.2.tgz",
      "integrity": "sha512-tvtQIeLVHjDkJYnzf2dgVMxfuSGJeM/7UCG17TT4EumTfNtF+0nebF/4zWOIkCreAbtNqhGEboB6BWrwqNaw4Q==",
      "dev": true
    },
    "node_modules/fontfaceobserver": {
      "version": "2.3.0",
      "resolved": "https://registry.npmjs.org/fontfaceobserver/-/fontfaceobserver-2.3.0.tgz",
      "integrity": "sha512-6FPvD/IVyT4ZlNe7Wcn5Fb/4ChigpucKYSvD6a+0iMoLn2inpo711eyIcKjmDtE5XNcgAkSH9uN/nfAeZzHEfg==",
      "dev": true
    },
    "node_modules/framer": {
      "version": "2.4.1",
      "resolved": "https://registry.npmjs.org/framer/-/framer-2.4.1.tgz",
      "integrity": "sha512-kInsb+tmtNEvOeRa8wT2oRAl8Xe1L8ev4ahinB875Xh0zPBLt5Di6fuvBUILnDUU6mqmM+6QPiNxg62Va66V4Q==",
      "dev": true,
      "hasInstallScript": true,
      "dependencies": {
        "@juggle/resize-observer": "^3.3.1",
        "eventemitter3": "^3.1.0",
        "fontfaceobserver": "^2.1.0",
        "hoist-non-react-statics": "^3.3.2",
        "hsluv": "^0.0.3"
      },
      "peerDependencies": {
        "framer-motion": "^10.13.1",
        "react": "^18.2.0",
        "react-dom": "^18.2.0"
      }
    },
    "node_modules/framer-motion": {
      "version": "10.18.0",
      "resolved": "https://registry.npmjs.org/framer-motion/-/framer-motion-10.18.0.tgz",
      "integrity": "sha512-oGlDh1Q1XqYPksuTD/usb0I70hq95OUzmL9+6Zd+Hs4XV0oaISBa/UUMSjYiq6m8EUF32132mOJ8xVZS+I0S6w==",
      "dev": true,
      "peer": true,
      "dependencies": {
        "tslib": "^2.4.0"
      },
      "optionalDependencies": {
        "@emotion/is-prop-valid": "^0.8.2"
      },
      "peerDependencies": {
        "react": "^18.0.0",
        "react-dom": "^18.0.0"
      },
      "peerDependenciesMeta": {
        "react": {
          "optional": true
        },
        "react-dom": {
          "optional": true
        }
      }
    },
    "node_modules/hey-listen": {
      "version": "1.0.8",
      "resolved": "https://registry.npmjs.org/hey-listen/-/hey-listen-1.0.8.tgz",
      "integrity": "sha512-COpmrF2NOg4TBWUJ5UVyaCU2A88wEMkUPK4hNqyCkqHbxT92BbvfjoSozkAIIm6XhicGlJHhFdullInrdhwU8Q==",
      "dev": true
    },
    "node_modules/hoist-non-react-statics": {
      "version": "3.3.2",
      "resolved": "https://registry.npmjs.org/hoist-non-react-statics/-/hoist-non-react-statics-3.3.2.tgz",
      "integrity": "sha512-/gGivxi8JPKWNm/W0jSmzcMPpfpPLc3dY/6GxhX2hQ9iGj3aDfklV4ET7NjKpSinLpJ5vafa9iiGIEZg10SfBw==",
      "dev": true,
      "dependencies": {
        "react-is": "^16.7.0"
      }
    },
    "node_modules/hsluv": {
      "version": "0.0.3",
      "resolved": "https://registry.npmjs.org/hsluv/-/hsluv-0.0.3.tgz",
      "integrity": "sha512-08iL2VyCRbkQKBySkSh6m8zMUa3sADAxGVWs3Z1aPcUkTJeK0ETG4Fc27tEmQBGUAXZjIsXOZqBvacuVNSC/fQ==",
      "dev": true
    },
    "node_modules/js-tokens": {
      "version": "4.0.0",
      "resolved": "https://registry.npmjs.org/js-tokens/-/js-tokens-4.0.0.tgz",
      "integrity": "sha512-RdJUflcE3cUzKiMqQgsCu06FPu9UdIJO0beYbPhHN4k6apgJtifcoCtT9bcxOpYBtpD2kCM6Sbzg4CausW/PKQ==",
      "dev": true,
      "peer": true
    },
    "node_modules/loose-envify": {
      "version": "1.4.0",
      "resolved": "https://registry.npmjs.org/loose-envify/-/loose-envify-1.4.0.tgz",
      "integrity": "sha512-lyuxPGr/Wfhrlem2CL/UcnUc1zcqKAImBDzukY7Y5F/yQiNdko6+fRLevlw1HgMySw7f611UIY408EtxRSoK3Q==",
      "dev": true,
      "peer": true,
      "dependencies": {
        "js-tokens": "^3.0.0 || ^4.0.0"
      },
      "bin": {
        "loose-envify": "cli.js"
      }
    },
    "node_modules/motion": {
      "version": "10.17.0",
      "resolved": "https://registry.npmjs.org/motion/-/motion-10.17.0.tgz",
      "integrity": "sha512-yBHYkrnJRiomuo88YQzG/v+nzFXKNlKw/Hh7uy8AV7nrYHnE07O6PEECShGbFmZvLrAOGc9qKzEDYmspDYjNWw==",
      "dev": true,
      "dependencies": {
        "@motionone/animation": "^10.17.0",
        "@motionone/dom": "^10.17.0",
        "@motionone/types": "^10.17.0",
        "@motionone/utils": "^10.17.0"
      }
    },
    "node_modules/react": {
      "version": "18.2.0",
      "resolved": "https://registry.npmjs.org/react/-/react-18.2.0.tgz",
      "integrity": "sha512-/3IjMdb2L9QbBdWiW5e3P2/npwMBaU9mHCSCUzNln0ZCYbcfTsGbTJrU/kGemdH2IWmB2ioZ+zkxtmq6g09fGQ==",
      "dev": true,
      "peer": true,
      "dependencies": {
        "loose-envify": "^1.1.0"
      },
      "engines": {
        "node": ">=0.10.0"
      }
    },
    "node_modules/react-dom": {
      "version": "18.2.0",
      "resolved": "https://registry.npmjs.org/react-dom/-/react-dom-18.2.0.tgz",
      "integrity": "sha512-6IMTriUmvsjHUjNtEDudZfuDQUoWXVxKHhlEGSk81n4YFS+r/Kl99wXiwlVXtPBtJenozv2P+hxDsw9eA7Xo6g==",
      "dev": true,
      "peer": true,
      "dependencies": {
        "loose-envify": "^1.1.0",
        "scheduler": "^0.23.0"
      },
      "peerDependencies": {
        "react": "^18.2.0"
      }
    },
    "node_modules/react-icon": {
      "version": "1.0.0",
      "resolved": "https://registry.npmjs.org/react-icon/-/react-icon-1.0.0.tgz",
      "integrity": "sha512-VzSlpBHnLanVw79mOxyq98hWDi6DlxK9qPiZ1bAK6bLurMBCaxO/jjyYUrRx9+JGLc/NbnwOmyE/W5Qglbb2QA==",
      "dev": true,
      "peerDependencies": {
        "babel-runtime": "^5.3.3",
        "react": ">=0.12.0"
      }
    },
    "node_modules/react-is": {
      "version": "16.13.1",
      "resolved": "https://registry.npmjs.org/react-is/-/react-is-16.13.1.tgz",
      "integrity": "sha512-24e6ynE2H+OKt4kqsOvNd8kBpV65zoxbA4BVsEOB3ARVWQki/DHzaUoC5KuON/BiccDaCCTZBuOcfZs70kR8bQ==",
      "dev": true
    },
    "node_modules/scheduler": {
      "version": "0.23.0",
      "resolved": "https://registry.npmjs.org/scheduler/-/scheduler-0.23.0.tgz",
      "integrity": "sha512-CtuThmgHNg7zIZWAXi3AsyIzA3n4xx7aNyjwC2VJldO2LMVDhFK+63xGqq6CsJH4rTAt6/M+N4GhZiDYPx9eUw==",
      "dev": true,
      "peer": true,
      "dependencies": {
        "loose-envify": "^1.1.0"
      }
    },
    "node_modules/swiper": {
      "version": "11.1.1",
      "resolved": "https://registry.npmjs.org/swiper/-/swiper-11.1.1.tgz",
      "integrity": "sha512-jGmEA/fNz1lACIcY4/40ggm1Gcyv+EUivmgV/Jd2WFPsEJhbWXnRAwzZR8OPjkBLtDxmzcoYG/iiAMWfRs0YKQ==",
      "dev": true,
      "funding": [
        {
          "type": "patreon",
          "url": "https://www.patreon.com/swiperjs"
        },
        {
          "type": "open_collective",
          "url": "http://opencollective.com/swiper"
        }
      ],
      "engines": {
        "node": ">= 4.7.0"
      }
    },
    "node_modules/tslib": {
      "version": "2.6.2",
      "resolved": "https://registry.npmjs.org/tslib/-/tslib-2.6.2.tgz",
      "integrity": "sha512-AEYxH93jGFPn/a2iVAwW87VuUIkR1FVUKB77NwMF7nBTDkDrrT/Hpt/IrCJ0QXhW27jTBDcf5ZY7w6RiqTMw2Q==",
      "dev": true
    }
  }
}
